// !$*UTF8*$!
{
	archiveVersion = 1;
	classes = {
	};
	objectVersion = 55;
	objects = {

/* Begin PBXBuildFile section */
		4A21D0BD2895909700D429E4 /* Tests_iOS.swift in Sources */ = {isa = PBXBuildFile; fileRef = 4A21D0BC2895909700D429E4 /* Tests_iOS.swift */; };
		4A21D0BF2895909700D429E4 /* Tests_iOSLaunchTests.swift in Sources */ = {isa = PBXBuildFile; fileRef = 4A21D0BE2895909700D429E4 /* Tests_iOSLaunchTests.swift */; };
		4A21D0C92895909700D429E4 /* Tests_macOS.swift in Sources */ = {isa = PBXBuildFile; fileRef = 4A21D0C82895909700D429E4 /* Tests_macOS.swift */; };
		4A21D0CB2895909700D429E4 /* Tests_macOSLaunchTests.swift in Sources */ = {isa = PBXBuildFile; fileRef = 4A21D0CA2895909700D429E4 /* Tests_macOSLaunchTests.swift */; };
		4A21D0CE2895909700D429E4 /* ContentView.swift in Sources */ = {isa = PBXBuildFile; fileRef = 4A21D0A52895909600D429E4 /* ContentView.swift */; };
		4A21D0CF2895909700D429E4 /* ContentView.swift in Sources */ = {isa = PBXBuildFile; fileRef = 4A21D0A52895909600D429E4 /* ContentView.swift */; };
		4ADB0FB628959171000F0FA7 /* ContentView.swift in Sources */ = {isa = PBXBuildFile; fileRef = 4ADB0F9D28959170000F0FA7 /* ContentView.swift */; };
		4ADB0FB728959171000F0FA7 /* ContentView.swift in Sources */ = {isa = PBXBuildFile; fileRef = 4ADB0F9D28959170000F0FA7 /* ContentView.swift */; };
		4ADB0FB828959171000F0FA7 /* Home.swift in Sources */ = {isa = PBXBuildFile; fileRef = 4ADB0F9E28959170000F0FA7 /* Home.swift */; };
		4ADB0FB928959171000F0FA7 /* Home.swift in Sources */ = {isa = PBXBuildFile; fileRef = 4ADB0F9E28959170000F0FA7 /* Home.swift */; };
		4ADB0FBA28959171000F0FA7 /* Noto_Sans_SC in Resources */ = {isa = PBXBuildFile; fileRef = 4ADB0F9F28959170000F0FA7 /* Noto_Sans_SC */; };
		4ADB0FBB28959171000F0FA7 /* Noto_Sans_SC in Resources */ = {isa = PBXBuildFile; fileRef = 4ADB0F9F28959170000F0FA7 /* Noto_Sans_SC */; };
		4ADB0FBC28959171000F0FA7 /* MenuViewDown.swift in Sources */ = {isa = PBXBuildFile; fileRef = 4ADB0FA028959170000F0FA7 /* MenuViewDown.swift */; };
		4ADB0FBD28959171000F0FA7 /* MenuViewDown.swift in Sources */ = {isa = PBXBuildFile; fileRef = 4ADB0FA028959170000F0FA7 /* MenuViewDown.swift */; };
		4ADB0FBE28959171000F0FA7 /* RingView.swift in Sources */ = {isa = PBXBuildFile; fileRef = 4ADB0FA128959171000F0FA7 /* RingView.swift */; };
		4ADB0FBF28959171000F0FA7 /* RingView.swift in Sources */ = {isa = PBXBuildFile; fileRef = 4ADB0FA128959171000F0FA7 /* RingView.swift */; };
		4ADB0FC028959171000F0FA7 /* Homelist.swift in Sources */ = {isa = PBXBuildFile; fileRef = 4ADB0FA228959171000F0FA7 /* Homelist.swift */; };
		4ADB0FC128959171000F0FA7 /* Homelist.swift in Sources */ = {isa = PBXBuildFile; fileRef = 4ADB0FA228959171000F0FA7 /* Homelist.swift */; };
		4ADB0FC228959171000F0FA7 /* BookDetail.swift in Sources */ = {isa = PBXBuildFile; fileRef = 4ADB0FA328959171000F0FA7 /* BookDetail.swift */; };
		4ADB0FC328959171000F0FA7 /* BookDetail.swift in Sources */ = {isa = PBXBuildFile; fileRef = 4ADB0FA328959171000F0FA7 /* BookDetail.swift */; };
		4ADB0FC428959171000F0FA7 /* DataStore.swift in Sources */ = {isa = PBXBuildFile; fileRef = 4ADB0FA428959171000F0FA7 /* DataStore.swift */; };
		4ADB0FC528959171000F0FA7 /* DataStore.swift in Sources */ = {isa = PBXBuildFile; fileRef = 4ADB0FA428959171000F0FA7 /* DataStore.swift */; };
		4ADB0FC628959171000F0FA7 /* EnvironmentStore.swift in Sources */ = {isa = PBXBuildFile; fileRef = 4ADB0FA528959171000F0FA7 /* EnvironmentStore.swift */; };
		4ADB0FC728959171000F0FA7 /* EnvironmentStore.swift in Sources */ = {isa = PBXBuildFile; fileRef = 4ADB0FA528959171000F0FA7 /* EnvironmentStore.swift */; };
		4ADB0FCA28959171000F0FA7 /* Modifiers.swift in Sources */ = {isa = PBXBuildFile; fileRef = 4ADB0FA728959171000F0FA7 /* Modifiers.swift */; };
		4ADB0FCB28959171000F0FA7 /* Modifiers.swift in Sources */ = {isa = PBXBuildFile; fileRef = 4ADB0FA728959171000F0FA7 /* Modifiers.swift */; };
		4ADB0FCC28959171000F0FA7 /* Data.swift in Sources */ = {isa = PBXBuildFile; fileRef = 4ADB0FA828959171000F0FA7 /* Data.swift */; };
		4ADB0FCD28959171000F0FA7 /* Data.swift in Sources */ = {isa = PBXBuildFile; fileRef = 4ADB0FA828959171000F0FA7 /* Data.swift */; };
		4ADB0FCE28959171000F0FA7 /* BookStore.swift in Sources */ = {isa = PBXBuildFile; fileRef = 4ADB0FA928959171000F0FA7 /* BookStore.swift */; };
		4ADB0FCF28959171000F0FA7 /* BookStore.swift in Sources */ = {isa = PBXBuildFile; fileRef = 4ADB0FA928959171000F0FA7 /* BookStore.swift */; };
		4ADB0FD028959171000F0FA7 /* BookList.swift in Sources */ = {isa = PBXBuildFile; fileRef = 4ADB0FAA28959171000F0FA7 /* BookList.swift */; };
		4ADB0FD128959171000F0FA7 /* BookList.swift in Sources */ = {isa = PBXBuildFile; fileRef = 4ADB0FAA28959171000F0FA7 /* BookList.swift */; };
		4ADB0FD228959171000F0FA7 /* PostList.swift in Sources */ = {isa = PBXBuildFile; fileRef = 4ADB0FAB28959171000F0FA7 /* PostList.swift */; };
		4ADB0FD328959171000F0FA7 /* PostList.swift in Sources */ = {isa = PBXBuildFile; fileRef = 4ADB0FAB28959171000F0FA7 /* PostList.swift */; };
		4ADB0FD428959171000F0FA7 /* UpdateList.swift in Sources */ = {isa = PBXBuildFile; fileRef = 4ADB0FAC28959171000F0FA7 /* UpdateList.swift */; };
		4ADB0FD528959171000F0FA7 /* UpdateList.swift in Sources */ = {isa = PBXBuildFile; fileRef = 4ADB0FAC28959171000F0FA7 /* UpdateList.swift */; };
		4ADB0FD628959171000F0FA7 /* BlurView.swift in Sources */ = {isa = PBXBuildFile; fileRef = 4ADB0FAD28959171000F0FA7 /* BlurView.swift */; };
		4ADB0FD728959171000F0FA7 /* BlurView.swift in Sources */ = {isa = PBXBuildFile; fileRef = 4ADB0FAD28959171000F0FA7 /* BlurView.swift */; };
		4ADB0FD828959171000F0FA7 /* CertificateRow.swift in Sources */ = {isa = PBXBuildFile; fileRef = 4ADB0FAE28959171000F0FA7 /* CertificateRow.swift */; };
		4ADB0FD928959171000F0FA7 /* CertificateRow.swift in Sources */ = {isa = PBXBuildFile; fileRef = 4ADB0FAE28959171000F0FA7 /* CertificateRow.swift */; };
		4ADB0FDA28959171000F0FA7 /* PracticeDesignCodeApp.swift in Sources */ = {isa = PBXBuildFile; fileRef = 4ADB0FAF28959171000F0FA7 /* PracticeDesignCodeApp.swift */; };
		4ADB0FDB28959171000F0FA7 /* PracticeDesignCodeApp.swift in Sources */ = {isa = PBXBuildFile; fileRef = 4ADB0FAF28959171000F0FA7 /* PracticeDesignCodeApp.swift */; };
		4ADB0FDC28959171000F0FA7 /* Setting.swift in Sources */ = {isa = PBXBuildFile; fileRef = 4ADB0FB028959171000F0FA7 /* Setting.swift */; };
		4ADB0FDD28959171000F0FA7 /* Setting.swift in Sources */ = {isa = PBXBuildFile; fileRef = 4ADB0FB028959171000F0FA7 /* Setting.swift */; };
		4ADB0FDE28959171000F0FA7 /* TabBar.swift in Sources */ = {isa = PBXBuildFile; fileRef = 4ADB0FB128959171000F0FA7 /* TabBar.swift */; };
		4ADB0FDF28959171000F0FA7 /* TabBar.swift in Sources */ = {isa = PBXBuildFile; fileRef = 4ADB0FB128959171000F0FA7 /* TabBar.swift */; };
		4ADB0FE028959171000F0FA7 /* UpdateDetail.swift in Sources */ = {isa = PBXBuildFile; fileRef = 4ADB0FB228959171000F0FA7 /* UpdateDetail.swift */; };
		4ADB0FE128959171000F0FA7 /* UpdateDetail.swift in Sources */ = {isa = PBXBuildFile; fileRef = 4ADB0FB228959171000F0FA7 /* UpdateDetail.swift */; };
		4ADB0FE228959171000F0FA7 /* UpdateStore.swift in Sources */ = {isa = PBXBuildFile; fileRef = 4ADB0FB328959171000F0FA7 /* UpdateStore.swift */; };
		4ADB0FE328959171000F0FA7 /* UpdateStore.swift in Sources */ = {isa = PBXBuildFile; fileRef = 4ADB0FB328959171000F0FA7 /* UpdateStore.swift */; };
		4ADB0FE5289591B3000F0FA7 /* Assets.xcassets in Resources */ = {isa = PBXBuildFile; fileRef = 4ADB0FE4289591B3000F0FA7 /* Assets.xcassets */; };
		4ADB0FE6289591B3000F0FA7 /* Assets.xcassets in Resources */ = {isa = PBXBuildFile; fileRef = 4ADB0FE4289591B3000F0FA7 /* Assets.xcassets */; };
		4ADB0FE9289595E6000F0FA7 /* Contentful in Frameworks */ = {isa = PBXBuildFile; productRef = 4ADB0FE8289595E6000F0FA7 /* Contentful */; };
		4ADB0FEC28959750000F0FA7 /* SDWebImageSwiftUI in Frameworks */ = {isa = PBXBuildFile; productRef = 4ADB0FEB28959750000F0FA7 /* SDWebImageSwiftUI */; };
/* End PBXBuildFile section */

/* Begin PBXContainerItemProxy section */
		4A21D0B92895909700D429E4 /* PBXContainerItemProxy */ = {
			isa = PBXContainerItemProxy;
			containerPortal = 4A21D09F2895909600D429E4 /* Project object */;
			proxyType = 1;
			remoteGlobalIDString = 4A21D0AA2895909700D429E4;
			remoteInfo = "PracticeDesignCode (iOS)";
		};
		4A21D0C52895909700D429E4 /* PBXContainerItemProxy */ = {
			isa = PBXContainerItemProxy;
			containerPortal = 4A21D09F2895909600D429E4 /* Project object */;
			proxyType = 1;
			remoteGlobalIDString = 4A21D0B02895909700D429E4;
			remoteInfo = "PracticeDesignCode (macOS)";
		};
/* End PBXContainerItemProxy section */

/* Begin PBXFileReference section */
		4A21D0A52895909600D429E4 /* ContentView.swift */ = {isa = PBXFileReference; lastKnownFileType = sourcecode.swift; path = ContentView.swift; sourceTree = "<group>"; };
		4A21D0AB2895909700D429E4 /* PracticeDesignCode.app */ = {isa = PBXFileReference; explicitFileType = wrapper.application; includeInIndex = 0; path = PracticeDesignCode.app; sourceTree = BUILT_PRODUCTS_DIR; };
		4A21D0B12895909700D429E4 /* PracticeDesignCode.app */ = {isa = PBXFileReference; explicitFileType = wrapper.application; includeInIndex = 0; path = PracticeDesignCode.app; sourceTree = BUILT_PRODUCTS_DIR; };
		4A21D0B32895909700D429E4 /* macOS.entitlements */ = {isa = PBXFileReference; lastKnownFileType = text.plist.entitlements; path = macOS.entitlements; sourceTree = "<group>"; };
		4A21D0B82895909700D429E4 /* Tests iOS.xctest */ = {isa = PBXFileReference; explicitFileType = wrapper.cfbundle; includeInIndex = 0; path = "Tests iOS.xctest"; sourceTree = BUILT_PRODUCTS_DIR; };
		4A21D0BC2895909700D429E4 /* Tests_iOS.swift */ = {isa = PBXFileReference; lastKnownFileType = sourcecode.swift; path = Tests_iOS.swift; sourceTree = "<group>"; };
		4A21D0BE2895909700D429E4 /* Tests_iOSLaunchTests.swift */ = {isa = PBXFileReference; lastKnownFileType = sourcecode.swift; path = Tests_iOSLaunchTests.swift; sourceTree = "<group>"; };
		4A21D0C42895909700D429E4 /* Tests macOS.xctest */ = {isa = PBXFileReference; explicitFileType = wrapper.cfbundle; includeInIndex = 0; path = "Tests macOS.xctest"; sourceTree = BUILT_PRODUCTS_DIR; };
		4A21D0C82895909700D429E4 /* Tests_macOS.swift */ = {isa = PBXFileReference; lastKnownFileType = sourcecode.swift; path = Tests_macOS.swift; sourceTree = "<group>"; };
		4A21D0CA2895909700D429E4 /* Tests_macOSLaunchTests.swift */ = {isa = PBXFileReference; lastKnownFileType = sourcecode.swift; path = Tests_macOSLaunchTests.swift; sourceTree = "<group>"; };
		4ADB0F9D28959170000F0FA7 /* ContentView.swift */ = {isa = PBXFileReference; fileEncoding = 4; lastKnownFileType = sourcecode.swift; path = ContentView.swift; sourceTree = "<group>"; };
		4ADB0F9E28959170000F0FA7 /* Home.swift */ = {isa = PBXFileReference; fileEncoding = 4; lastKnownFileType = sourcecode.swift; path = Home.swift; sourceTree = "<group>"; };
		4ADB0F9F28959170000F0FA7 /* Noto_Sans_SC */ = {isa = PBXFileReference; lastKnownFileType = folder; path = Noto_Sans_SC; sourceTree = "<group>"; };
		4ADB0FA028959170000F0FA7 /* MenuViewDown.swift */ = {isa = PBXFileReference; fileEncoding = 4; lastKnownFileType = sourcecode.swift; path = MenuViewDown.swift; sourceTree = "<group>"; };
		4ADB0FA128959171000F0FA7 /* RingView.swift */ = {isa = PBXFileReference; fileEncoding = 4; lastKnownFileType = sourcecode.swift; path = RingView.swift; sourceTree = "<group>"; };
		4ADB0FA228959171000F0FA7 /* Homelist.swift */ = {isa = PBXFileReference; fileEncoding = 4; lastKnownFileType = sourcecode.swift; path = Homelist.swift; sourceTree = "<group>"; };
		4ADB0FA328959171000F0FA7 /* BookDetail.swift */ = {isa = PBXFileReference; fileEncoding = 4; lastKnownFileType = sourcecode.swift; path = BookDetail.swift; sourceTree = "<group>"; };
		4ADB0FA428959171000F0FA7 /* DataStore.swift */ = {isa = PBXFileReference; fileEncoding = 4; lastKnownFileType = sourcecode.swift; path = DataStore.swift; sourceTree = "<group>"; };
		4ADB0FA528959171000F0FA7 /* EnvironmentStore.swift */ = {isa = PBXFileReference; fileEncoding = 4; lastKnownFileType = sourcecode.swift; path = EnvironmentStore.swift; sourceTree = "<group>"; };
		4ADB0FA728959171000F0FA7 /* Modifiers.swift */ = {isa = PBXFileReference; fileEncoding = 4; lastKnownFileType = sourcecode.swift; path = Modifiers.swift; sourceTree = "<group>"; };
		4ADB0FA828959171000F0FA7 /* Data.swift */ = {isa = PBXFileReference; fileEncoding = 4; lastKnownFileType = sourcecode.swift; path = Data.swift; sourceTree = "<group>"; };
		4ADB0FA928959171000F0FA7 /* BookStore.swift */ = {isa = PBXFileReference; fileEncoding = 4; lastKnownFileType = sourcecode.swift; path = BookStore.swift; sourceTree = "<group>"; };
		4ADB0FAA28959171000F0FA7 /* BookList.swift */ = {isa = PBXFileReference; fileEncoding = 4; lastKnownFileType = sourcecode.swift; path = BookList.swift; sourceTree = "<group>"; };
		4ADB0FAB28959171000F0FA7 /* PostList.swift */ = {isa = PBXFileReference; fileEncoding = 4; lastKnownFileType = sourcecode.swift; path = PostList.swift; sourceTree = "<group>"; };
		4ADB0FAC28959171000F0FA7 /* UpdateList.swift */ = {isa = PBXFileReference; fileEncoding = 4; lastKnownFileType = sourcecode.swift; path = UpdateList.swift; sourceTree = "<group>"; };
		4ADB0FAD28959171000F0FA7 /* BlurView.swift */ = {isa = PBXFileReference; fileEncoding = 4; lastKnownFileType = sourcecode.swift; path = BlurView.swift; sourceTree = "<group>"; };
		4ADB0FAE28959171000F0FA7 /* CertificateRow.swift */ = {isa = PBXFileReference; fileEncoding = 4; lastKnownFileType = sourcecode.swift; path = CertificateRow.swift; sourceTree = "<group>"; };
		4ADB0FAF28959171000F0FA7 /* PracticeDesignCodeApp.swift */ = {isa = PBXFileReference; fileEncoding = 4; lastKnownFileType = sourcecode.swift; path = PracticeDesignCodeApp.swift; sourceTree = "<group>"; };
		4ADB0FB028959171000F0FA7 /* Setting.swift */ = {isa = PBXFileReference; fileEncoding = 4; lastKnownFileType = sourcecode.swift; path = Setting.swift; sourceTree = "<group>"; };
		4ADB0FB128959171000F0FA7 /* TabBar.swift */ = {isa = PBXFileReference; fileEncoding = 4; lastKnownFileType = sourcecode.swift; path = TabBar.swift; sourceTree = "<group>"; };
		4ADB0FB228959171000F0FA7 /* UpdateDetail.swift */ = {isa = PBXFileReference; fileEncoding = 4; lastKnownFileType = sourcecode.swift; path = UpdateDetail.swift; sourceTree = "<group>"; };
		4ADB0FB328959171000F0FA7 /* UpdateStore.swift */ = {isa = PBXFileReference; fileEncoding = 4; lastKnownFileType = sourcecode.swift; path = UpdateStore.swift; sourceTree = "<group>"; };
		4ADB0FE4289591B3000F0FA7 /* Assets.xcassets */ = {isa = PBXFileReference; lastKnownFileType = folder.assetcatalog; path = Assets.xcassets; sourceTree = "<group>"; };
/* End PBXFileReference section */

/* Begin PBXFrameworksBuildPhase section */
		4A21D0A82895909700D429E4 /* Frameworks */ = {
			isa = PBXFrameworksBuildPhase;
			buildActionMask = 2147483647;
			files = (
				4ADB0FEC28959750000F0FA7 /* SDWebImageSwiftUI in Frameworks */,
				4ADB0FE9289595E6000F0FA7 /* Contentful in Frameworks */,
			);
			runOnlyForDeploymentPostprocessing = 0;
		};
		4A21D0AE2895909700D429E4 /* Frameworks */ = {
			isa = PBXFrameworksBuildPhase;
			buildActionMask = 2147483647;
			files = (
			);
			runOnlyForDeploymentPostprocessing = 0;
		};
		4A21D0B52895909700D429E4 /* Frameworks */ = {
			isa = PBXFrameworksBuildPhase;
			buildActionMask = 2147483647;
			files = (
			);
			runOnlyForDeploymentPostprocessing = 0;
		};
		4A21D0C12895909700D429E4 /* Frameworks */ = {
			isa = PBXFrameworksBuildPhase;
			buildActionMask = 2147483647;
			files = (
			);
			runOnlyForDeploymentPostprocessing = 0;
		};
/* End PBXFrameworksBuildPhase section */

/* Begin PBXGroup section */
		4A21D09E2895909600D429E4 = {
			isa = PBXGroup;
			children = (
				4A21D0A32895909600D429E4 /* Shared */,
				4A21D0B22895909700D429E4 /* macOS */,
				4A21D0BB2895909700D429E4 /* Tests iOS */,
				4A21D0C72895909700D429E4 /* Tests macOS */,
				4A21D0AC2895909700D429E4 /* Products */,
			);
			sourceTree = "<group>";
		};
		4A21D0A32895909600D429E4 /* Shared */ = {
			isa = PBXGroup;
			children = (
				4ADB0FE4289591B3000F0FA7 /* Assets.xcassets */,
				4ADB0FAD28959171000F0FA7 /* BlurView.swift */,
				4ADB0FA328959171000F0FA7 /* BookDetail.swift */,
				4ADB0FAA28959171000F0FA7 /* BookList.swift */,
				4ADB0FA928959171000F0FA7 /* BookStore.swift */,
				4ADB0FAE28959171000F0FA7 /* CertificateRow.swift */,
				4ADB0F9D28959170000F0FA7 /* ContentView.swift */,
				4ADB0FA828959171000F0FA7 /* Data.swift */,
				4ADB0FA428959171000F0FA7 /* DataStore.swift */,
				4ADB0FA528959171000F0FA7 /* EnvironmentStore.swift */,
				4ADB0F9E28959170000F0FA7 /* Home.swift */,
				4ADB0FA228959171000F0FA7 /* Homelist.swift */,
				4ADB0FA028959170000F0FA7 /* MenuViewDown.swift */,
				4ADB0FA728959171000F0FA7 /* Modifiers.swift */,
				4ADB0F9F28959170000F0FA7 /* Noto_Sans_SC */,
				4ADB0FAB28959171000F0FA7 /* PostList.swift */,
				4ADB0FAF28959171000F0FA7 /* PracticeDesignCodeApp.swift */,
				4ADB0FA128959171000F0FA7 /* RingView.swift */,
				4ADB0FB028959171000F0FA7 /* Setting.swift */,
				4ADB0FB128959171000F0FA7 /* TabBar.swift */,
				4ADB0FB228959171000F0FA7 /* UpdateDetail.swift */,
				4ADB0FAC28959171000F0FA7 /* UpdateList.swift */,
				4ADB0FB328959171000F0FA7 /* UpdateStore.swift */,
				4A21D0A52895909600D429E4 /* ContentView.swift */,
			);
			path = Shared;
			sourceTree = "<group>";
		};
		4A21D0AC2895909700D429E4 /* Products */ = {
			isa = PBXGroup;
			children = (
				4A21D0AB2895909700D429E4 /* PracticeDesignCode.app */,
				4A21D0B12895909700D429E4 /* PracticeDesignCode.app */,
				4A21D0B82895909700D429E4 /* Tests iOS.xctest */,
				4A21D0C42895909700D429E4 /* Tests macOS.xctest */,
			);
			name = Products;
			sourceTree = "<group>";
		};
		4A21D0B22895909700D429E4 /* macOS */ = {
			isa = PBXGroup;
			children = (
				4A21D0B32895909700D429E4 /* macOS.entitlements */,
			);
			path = macOS;
			sourceTree = "<group>";
		};
		4A21D0BB2895909700D429E4 /* Tests iOS */ = {
			isa = PBXGroup;
			children = (
				4A21D0BC2895909700D429E4 /* Tests_iOS.swift */,
				4A21D0BE2895909700D429E4 /* Tests_iOSLaunchTests.swift */,
			);
			path = "Tests iOS";
			sourceTree = "<group>";
		};
		4A21D0C72895909700D429E4 /* Tests macOS */ = {
			isa = PBXGroup;
			children = (
				4A21D0C82895909700D429E4 /* Tests_macOS.swift */,
				4A21D0CA2895909700D429E4 /* Tests_macOSLaunchTests.swift */,
			);
			path = "Tests macOS";
			sourceTree = "<group>";
		};
/* End PBXGroup section */

/* Begin PBXNativeTarget section */
		4A21D0AA2895909700D429E4 /* PracticeDesignCode (iOS) */ = {
			isa = PBXNativeTarget;
			buildConfigurationList = 4A21D0D42895909700D429E4 /* Build configuration list for PBXNativeTarget "PracticeDesignCode (iOS)" */;
			buildPhases = (
				4A21D0A72895909700D429E4 /* Sources */,
				4A21D0A82895909700D429E4 /* Frameworks */,
				4A21D0A92895909700D429E4 /* Resources */,
			);
			buildRules = (
			);
			dependencies = (
			);
			name = "PracticeDesignCode (iOS)";
			packageProductDependencies = (
				4ADB0FE8289595E6000F0FA7 /* Contentful */,
				4ADB0FEB28959750000F0FA7 /* SDWebImageSwiftUI */,
			);
			productName = "PracticeDesignCode (iOS)";
			productReference = 4A21D0AB2895909700D429E4 /* PracticeDesignCode.app */;
			productType = "com.apple.product-type.application";
		};
		4A21D0B02895909700D429E4 /* PracticeDesignCode (macOS) */ = {
			isa = PBXNativeTarget;
			buildConfigurationList = 4A21D0D72895909700D429E4 /* Build configuration list for PBXNativeTarget "PracticeDesignCode (macOS)" */;
			buildPhases = (
				4A21D0AD2895909700D429E4 /* Sources */,
				4A21D0AE2895909700D429E4 /* Frameworks */,
				4A21D0AF2895909700D429E4 /* Resources */,
			);
			buildRules = (
			);
			dependencies = (
			);
			name = "PracticeDesignCode (macOS)";
			productName = "PracticeDesignCode (macOS)";
			productReference = 4A21D0B12895909700D429E4 /* PracticeDesignCode.app */;
			productType = "com.apple.product-type.application";
		};
		4A21D0B72895909700D429E4 /* Tests iOS */ = {
			isa = PBXNativeTarget;
			buildConfigurationList = 4A21D0DA2895909700D429E4 /* Build configuration list for PBXNativeTarget "Tests iOS" */;
			buildPhases = (
				4A21D0B42895909700D429E4 /* Sources */,
				4A21D0B52895909700D429E4 /* Frameworks */,
				4A21D0B62895909700D429E4 /* Resources */,
			);
			buildRules = (
			);
			dependencies = (
				4A21D0BA2895909700D429E4 /* PBXTargetDependency */,
			);
			name = "Tests iOS";
			productName = "Tests iOS";
			productReference = 4A21D0B82895909700D429E4 /* Tests iOS.xctest */;
			productType = "com.apple.product-type.bundle.ui-testing";
		};
		4A21D0C32895909700D429E4 /* Tests macOS */ = {
			isa = PBXNativeTarget;
			buildConfigurationList = 4A21D0DD2895909700D429E4 /* Build configuration list for PBXNativeTarget "Tests macOS" */;
			buildPhases = (
				4A21D0C02895909700D429E4 /* Sources */,
				4A21D0C12895909700D429E4 /* Frameworks */,
				4A21D0C22895909700D429E4 /* Resources */,
			);
			buildRules = (
			);
			dependencies = (
				4A21D0C62895909700D429E4 /* PBXTargetDependency */,
			);
			name = "Tests macOS";
			productName = "Tests macOS";
			productReference = 4A21D0C42895909700D429E4 /* Tests macOS.xctest */;
			productType = "com.apple.product-type.bundle.ui-testing";
		};
/* End PBXNativeTarget section */

/* Begin PBXProject section */
		4A21D09F2895909600D429E4 /* Project object */ = {
			isa = PBXProject;
			attributes = {
				BuildIndependentTargetsInParallel = 1;
				LastSwiftUpdateCheck = 1340;
				LastUpgradeCheck = 1340;
				TargetAttributes = {
					4A21D0AA2895909700D429E4 = {
						CreatedOnToolsVersion = 13.4.1;
					};
					4A21D0B02895909700D429E4 = {
						CreatedOnToolsVersion = 13.4.1;
					};
					4A21D0B72895909700D429E4 = {
						CreatedOnToolsVersion = 13.4.1;
						TestTargetID = 4A21D0AA2895909700D429E4;
					};
					4A21D0C32895909700D429E4 = {
						CreatedOnToolsVersion = 13.4.1;
						TestTargetID = 4A21D0B02895909700D429E4;
					};
				};
			};
			buildConfigurationList = 4A21D0A22895909600D429E4 /* Build configuration list for PBXProject "PracticeDesignCode" */;
			compatibilityVersion = "Xcode 13.0";
			developmentRegion = en;
			hasScannedForEncodings = 0;
			knownRegions = (
				en,
				Base,
			);
			mainGroup = 4A21D09E2895909600D429E4;
			packageReferences = (
				4ADB0FE7289595E6000F0FA7 /* XCRemoteSwiftPackageReference "contentful" */,
				4ADB0FEA28959750000F0FA7 /* XCRemoteSwiftPackageReference "SDWebImageSwiftUI" */,
			);
			productRefGroup = 4A21D0AC2895909700D429E4 /* Products */;
			projectDirPath = "";
			projectRoot = "";
			targets = (
				4A21D0AA2895909700D429E4 /* PracticeDesignCode (iOS) */,
				4A21D0B02895909700D429E4 /* PracticeDesignCode (macOS) */,
				4A21D0B72895909700D429E4 /* Tests iOS */,
				4A21D0C32895909700D429E4 /* Tests macOS */,
			);
		};
/* End PBXProject section */

/* Begin PBXResourcesBuildPhase section */
		4A21D0A92895909700D429E4 /* Resources */ = {
			isa = PBXResourcesBuildPhase;
			buildActionMask = 2147483647;
			files = (
				4ADB0FE5289591B3000F0FA7 /* Assets.xcassets in Resources */,
				4ADB0FBA28959171000F0FA7 /* Noto_Sans_SC in Resources */,
			);
			runOnlyForDeploymentPostprocessing = 0;
		};
		4A21D0AF2895909700D429E4 /* Resources */ = {
			isa = PBXResourcesBuildPhase;
			buildActionMask = 2147483647;
			files = (
				4ADB0FE6289591B3000F0FA7 /* Assets.xcassets in Resources */,
				4ADB0FBB28959171000F0FA7 /* Noto_Sans_SC in Resources */,
			);
			runOnlyForDeploymentPostprocessing = 0;
		};
		4A21D0B62895909700D429E4 /* Resources */ = {
			isa = PBXResourcesBuildPhase;
			buildActionMask = 2147483647;
			files = (
			);
			runOnlyForDeploymentPostprocessing = 0;
		};
		4A21D0C22895909700D429E4 /* Resources */ = {
			isa = PBXResourcesBuildPhase;
			buildActionMask = 2147483647;
			files = (
			);
			runOnlyForDeploymentPostprocessing = 0;
		};
/* End PBXResourcesBuildPhase section */

/* Begin PBXSourcesBuildPhase section */
		4A21D0A72895909700D429E4 /* Sources */ = {
			isa = PBXSourcesBuildPhase;
			buildActionMask = 2147483647;
			files = (
				4ADB0FCE28959171000F0FA7 /* BookStore.swift in Sources */,
				4ADB0FD228959171000F0FA7 /* PostList.swift in Sources */,
				4ADB0FBE28959171000F0FA7 /* RingView.swift in Sources */,
				4ADB0FCA28959171000F0FA7 /* Modifiers.swift in Sources */,
				4ADB0FC228959171000F0FA7 /* BookDetail.swift in Sources */,
				4ADB0FE028959171000F0FA7 /* UpdateDetail.swift in Sources */,
				4ADB0FD028959171000F0FA7 /* BookList.swift in Sources */,
				4ADB0FDE28959171000F0FA7 /* TabBar.swift in Sources */,
				4ADB0FC028959171000F0FA7 /* Homelist.swift in Sources */,
				4A21D0CE2895909700D429E4 /* ContentView.swift in Sources */,
				4ADB0FBC28959171000F0FA7 /* MenuViewDown.swift in Sources */,
				4ADB0FE228959171000F0FA7 /* UpdateStore.swift in Sources */,
				4ADB0FC628959171000F0FA7 /* EnvironmentStore.swift in Sources */,
				4ADB0FDC28959171000F0FA7 /* Setting.swift in Sources */,
				4ADB0FD428959171000F0FA7 /* UpdateList.swift in Sources */,
				4ADB0FCC28959171000F0FA7 /* Data.swift in Sources */,
				4ADB0FD628959171000F0FA7 /* BlurView.swift in Sources */,
				4ADB0FB828959171000F0FA7 /* Home.swift in Sources */,
				4ADB0FC428959171000F0FA7 /* DataStore.swift in Sources */,
				4ADB0FDA28959171000F0FA7 /* PracticeDesignCodeApp.swift in Sources */,
				4ADB0FD828959171000F0FA7 /* CertificateRow.swift in Sources */,
				4ADB0FB628959171000F0FA7 /* ContentView.swift in Sources */,
			);
			runOnlyForDeploymentPostprocessing = 0;
		};
		4A21D0AD2895909700D429E4 /* Sources */ = {
			isa = PBXSourcesBuildPhase;
			buildActionMask = 2147483647;
			files = (
				4ADB0FCF28959171000F0FA7 /* BookStore.swift in Sources */,
				4ADB0FD328959171000F0FA7 /* PostList.swift in Sources */,
				4ADB0FBF28959171000F0FA7 /* RingView.swift in Sources */,
				4ADB0FCB28959171000F0FA7 /* Modifiers.swift in Sources */,
				4ADB0FC328959171000F0FA7 /* BookDetail.swift in Sources */,
				4ADB0FE128959171000F0FA7 /* UpdateDetail.swift in Sources */,
				4ADB0FD128959171000F0FA7 /* BookList.swift in Sources */,
				4ADB0FDF28959171000F0FA7 /* TabBar.swift in Sources */,
				4ADB0FC128959171000F0FA7 /* Homelist.swift in Sources */,
				4A21D0CF2895909700D429E4 /* ContentView.swift in Sources */,
				4ADB0FBD28959171000F0FA7 /* MenuViewDown.swift in Sources */,
				4ADB0FE328959171000F0FA7 /* UpdateStore.swift in Sources */,
				4ADB0FC728959171000F0FA7 /* EnvironmentStore.swift in Sources */,
				4ADB0FDD28959171000F0FA7 /* Setting.swift in Sources */,
				4ADB0FD528959171000F0FA7 /* UpdateList.swift in Sources */,
				4ADB0FCD28959171000F0FA7 /* Data.swift in Sources */,
				4ADB0FD728959171000F0FA7 /* BlurView.swift in Sources */,
				4ADB0FB928959171000F0FA7 /* Home.swift in Sources */,
				4ADB0FC528959171000F0FA7 /* DataStore.swift in Sources */,
				4ADB0FDB28959171000F0FA7 /* PracticeDesignCodeApp.swift in Sources */,
				4ADB0FD928959171000F0FA7 /* CertificateRow.swift in Sources */,
				4ADB0FB728959171000F0FA7 /* ContentView.swift in Sources */,
			);
			runOnlyForDeploymentPostprocessing = 0;
		};
		4A21D0B42895909700D429E4 /* Sources */ = {
			isa = PBXSourcesBuildPhase;
			buildActionMask = 2147483647;
			files = (
				4A21D0BF2895909700D429E4 /* Tests_iOSLaunchTests.swift in Sources */,
				4A21D0BD2895909700D429E4 /* Tests_iOS.swift in Sources */,
			);
			runOnlyForDeploymentPostprocessing = 0;
		};
		4A21D0C02895909700D429E4 /* Sources */ = {
			isa = PBXSourcesBuildPhase;
			buildActionMask = 2147483647;
			files = (
				4A21D0CB2895909700D429E4 /* Tests_macOSLaunchTests.swift in Sources */,
				4A21D0C92895909700D429E4 /* Tests_macOS.swift in Sources */,
			);
			runOnlyForDeploymentPostprocessing = 0;
		};
/* End PBXSourcesBuildPhase section */

/* Begin PBXTargetDependency section */
		4A21D0BA2895909700D429E4 /* PBXTargetDependency */ = {
			isa = PBXTargetDependency;
			target = 4A21D0AA2895909700D429E4 /* PracticeDesignCode (iOS) */;
			targetProxy = 4A21D0B92895909700D429E4 /* PBXContainerItemProxy */;
		};
		4A21D0C62895909700D429E4 /* PBXTargetDependency */ = {
			isa = PBXTargetDependency;
			target = 4A21D0B02895909700D429E4 /* PracticeDesignCode (macOS) */;
			targetProxy = 4A21D0C52895909700D429E4 /* PBXContainerItemProxy */;
		};
/* End PBXTargetDependency section */

/* Begin XCBuildConfiguration section */
		4A21D0D22895909700D429E4 /* Debug */ = {
			isa = XCBuildConfiguration;
			buildSettings = {
				ALWAYS_SEARCH_USER_PATHS = NO;
				CLANG_ANALYZER_NONNULL = YES;
				CLANG_ANALYZER_NUMBER_OBJECT_CONVERSION = YES_AGGRESSIVE;
				CLANG_CXX_LANGUAGE_STANDARD = "gnu++17";
				CLANG_ENABLE_MODULES = YES;
				CLANG_ENABLE_OBJC_ARC = YES;
				CLANG_ENABLE_OBJC_WEAK = YES;
				CLANG_WARN_BLOCK_CAPTURE_AUTORELEASING = YES;
				CLANG_WARN_BOOL_CONVERSION = YES;
				CLANG_WARN_COMMA = YES;
				CLANG_WARN_CONSTANT_CONVERSION = YES;
				CLANG_WARN_DEPRECATED_OBJC_IMPLEMENTATIONS = YES;
				CLANG_WARN_DIRECT_OBJC_ISA_USAGE = YES_ERROR;
				CLANG_WARN_DOCUMENTATION_COMMENTS = YES;
				CLANG_WARN_EMPTY_BODY = YES;
				CLANG_WARN_ENUM_CONVERSION = YES;
				CLANG_WARN_INFINITE_RECURSION = YES;
				CLANG_WARN_INT_CONVERSION = YES;
				CLANG_WARN_NON_LITERAL_NULL_CONVERSION = YES;
				CLANG_WARN_OBJC_IMPLICIT_RETAIN_SELF = YES;
				CLANG_WARN_OBJC_LITERAL_CONVERSION = YES;
				CLANG_WARN_OBJC_ROOT_CLASS = YES_ERROR;
				CLANG_WARN_QUOTED_INCLUDE_IN_FRAMEWORK_HEADER = YES;
				CLANG_WARN_RANGE_LOOP_ANALYSIS = YES;
				CLANG_WARN_STRICT_PROTOTYPES = YES;
				CLANG_WARN_SUSPICIOUS_MOVE = YES;
				CLANG_WARN_UNGUARDED_AVAILABILITY = YES_AGGRESSIVE;
				CLANG_WARN_UNREACHABLE_CODE = YES;
				CLANG_WARN__DUPLICATE_METHOD_MATCH = YES;
				COPY_PHASE_STRIP = NO;
				DEBUG_INFORMATION_FORMAT = dwarf;
				ENABLE_STRICT_OBJC_MSGSEND = YES;
				ENABLE_TESTABILITY = YES;
				GCC_C_LANGUAGE_STANDARD = gnu11;
				GCC_DYNAMIC_NO_PIC = NO;
				GCC_NO_COMMON_BLOCKS = YES;
				GCC_OPTIMIZATION_LEVEL = 0;
				GCC_PREPROCESSOR_DEFINITIONS = (
					"DEBUG=1",
					"$(inherited)",
				);
				GCC_WARN_64_TO_32_BIT_CONVERSION = YES;
				GCC_WARN_ABOUT_RETURN_TYPE = YES_ERROR;
				GCC_WARN_UNDECLARED_SELECTOR = YES;
				GCC_WARN_UNINITIALIZED_AUTOS = YES_AGGRESSIVE;
				GCC_WARN_UNUSED_FUNCTION = YES;
				GCC_WARN_UNUSED_VARIABLE = YES;
				MTL_ENABLE_DEBUG_INFO = INCLUDE_SOURCE;
				MTL_FAST_MATH = YES;
				ONLY_ACTIVE_ARCH = YES;
				SWIFT_ACTIVE_COMPILATION_CONDITIONS = DEBUG;
				SWIFT_OPTIMIZATION_LEVEL = "-Onone";
			};
			name = Debug;
		};
		4A21D0D32895909700D429E4 /* Release */ = {
			isa = XCBuildConfiguration;
			buildSettings = {
				ALWAYS_SEARCH_USER_PATHS = NO;
				CLANG_ANALYZER_NONNULL = YES;
				CLANG_ANALYZER_NUMBER_OBJECT_CONVERSION = YES_AGGRESSIVE;
				CLANG_CXX_LANGUAGE_STANDARD = "gnu++17";
				CLANG_ENABLE_MODULES = YES;
				CLANG_ENABLE_OBJC_ARC = YES;
				CLANG_ENABLE_OBJC_WEAK = YES;
				CLANG_WARN_BLOCK_CAPTURE_AUTORELEASING = YES;
				CLANG_WARN_BOOL_CONVERSION = YES;
				CLANG_WARN_COMMA = YES;
				CLANG_WARN_CONSTANT_CONVERSION = YES;
				CLANG_WARN_DEPRECATED_OBJC_IMPLEMENTATIONS = YES;
				CLANG_WARN_DIRECT_OBJC_ISA_USAGE = YES_ERROR;
				CLANG_WARN_DOCUMENTATION_COMMENTS = YES;
				CLANG_WARN_EMPTY_BODY = YES;
				CLANG_WARN_ENUM_CONVERSION = YES;
				CLANG_WARN_INFINITE_RECURSION = YES;
				CLANG_WARN_INT_CONVERSION = YES;
				CLANG_WARN_NON_LITERAL_NULL_CONVERSION = YES;
				CLANG_WARN_OBJC_IMPLICIT_RETAIN_SELF = YES;
				CLANG_WARN_OBJC_LITERAL_CONVERSION = YES;
				CLANG_WARN_OBJC_ROOT_CLASS = YES_ERROR;
				CLANG_WARN_QUOTED_INCLUDE_IN_FRAMEWORK_HEADER = YES;
				CLANG_WARN_RANGE_LOOP_ANALYSIS = YES;
				CLANG_WARN_STRICT_PROTOTYPES = YES;
				CLANG_WARN_SUSPICIOUS_MOVE = YES;
				CLANG_WARN_UNGUARDED_AVAILABILITY = YES_AGGRESSIVE;
				CLANG_WARN_UNREACHABLE_CODE = YES;
				CLANG_WARN__DUPLICATE_METHOD_MATCH = YES;
				COPY_PHASE_STRIP = NO;
				DEBUG_INFORMATION_FORMAT = "dwarf-with-dsym";
				ENABLE_NS_ASSERTIONS = NO;
				ENABLE_STRICT_OBJC_MSGSEND = YES;
				GCC_C_LANGUAGE_STANDARD = gnu11;
				GCC_NO_COMMON_BLOCKS = YES;
				GCC_WARN_64_TO_32_BIT_CONVERSION = YES;
				GCC_WARN_ABOUT_RETURN_TYPE = YES_ERROR;
				GCC_WARN_UNDECLARED_SELECTOR = YES;
				GCC_WARN_UNINITIALIZED_AUTOS = YES_AGGRESSIVE;
				GCC_WARN_UNUSED_FUNCTION = YES;
				GCC_WARN_UNUSED_VARIABLE = YES;
				MTL_ENABLE_DEBUG_INFO = NO;
				MTL_FAST_MATH = YES;
				SWIFT_COMPILATION_MODE = wholemodule;
				SWIFT_OPTIMIZATION_LEVEL = "-O";
			};
			name = Release;
		};
		4A21D0D52895909700D429E4 /* Debug */ = {
			isa = XCBuildConfiguration;
			buildSettings = {
				ASSETCATALOG_COMPILER_APPICON_NAME = AppIcon;
				ASSETCATALOG_COMPILER_GLOBAL_ACCENT_COLOR_NAME = AccentColor;
				CODE_SIGN_STYLE = Automatic;
				CURRENT_PROJECT_VERSION = 1;
				DEVELOPMENT_TEAM = PM4297ZZX2;
				ENABLE_PREVIEWS = YES;
				GENERATE_INFOPLIST_FILE = YES;
				INFOPLIST_KEY_UIApplicationSceneManifest_Generation = YES;
				INFOPLIST_KEY_UIApplicationSupportsIndirectInputEvents = YES;
				INFOPLIST_KEY_UILaunchScreen_Generation = YES;
				INFOPLIST_KEY_UISupportedInterfaceOrientations_iPad = "UIInterfaceOrientationPortrait UIInterfaceOrientationPortraitUpsideDown UIInterfaceOrientationLandscapeLeft UIInterfaceOrientationLandscapeRight";
				INFOPLIST_KEY_UISupportedInterfaceOrientations_iPhone = "UIInterfaceOrientationPortrait UIInterfaceOrientationLandscapeLeft UIInterfaceOrientationLandscapeRight";
				IPHONEOS_DEPLOYMENT_TARGET = 15.5;
				LD_RUNPATH_SEARCH_PATHS = (
					"$(inherited)",
					"@executable_path/Frameworks",
				);
				MARKETING_VERSION = 1.0;
				PRODUCT_BUNDLE_IDENTIFIER = cc.paisleypark.Code;
				PRODUCT_NAME = PracticeDesignCode;
				SDKROOT = iphoneos;
				SWIFT_EMIT_LOC_STRINGS = YES;
				SWIFT_VERSION = 5.0;
				TARGETED_DEVICE_FAMILY = "1,2";
			};
			name = Debug;
		};
		4A21D0D62895909700D429E4 /* Release */ = {
			isa = XCBuildConfiguration;
			buildSettings = {
				ASSETCATALOG_COMPILER_APPICON_NAME = AppIcon;
				ASSETCATALOG_COMPILER_GLOBAL_ACCENT_COLOR_NAME = AccentColor;
				CODE_SIGN_STYLE = Automatic;
				CURRENT_PROJECT_VERSION = 1;
				DEVELOPMENT_TEAM = PM4297ZZX2;
				ENABLE_PREVIEWS = YES;
				GENERATE_INFOPLIST_FILE = YES;
				INFOPLIST_KEY_UIApplicationSceneManifest_Generation = YES;
				INFOPLIST_KEY_UIApplicationSupportsIndirectInputEvents = YES;
				INFOPLIST_KEY_UILaunchScreen_Generation = YES;
				INFOPLIST_KEY_UISupportedInterfaceOrientations_iPad = "UIInterfaceOrientationPortrait UIInterfaceOrientationPortraitUpsideDown UIInterfaceOrientationLandscapeLeft UIInterfaceOrientationLandscapeRight";
				INFOPLIST_KEY_UISupportedInterfaceOrientations_iPhone = "UIInterfaceOrientationPortrait UIInterfaceOrientationLandscapeLeft UIInterfaceOrientationLandscapeRight";
				IPHONEOS_DEPLOYMENT_TARGET = 15.5;
				LD_RUNPATH_SEARCH_PATHS = (
					"$(inherited)",
					"@executable_path/Frameworks",
				);
				MARKETING_VERSION = 1.0;
				PRODUCT_BUNDLE_IDENTIFIER = cc.paisleypark.Code;
				PRODUCT_NAME = PracticeDesignCode;
				SDKROOT = iphoneos;
				SWIFT_EMIT_LOC_STRINGS = YES;
				SWIFT_VERSION = 5.0;
				TARGETED_DEVICE_FAMILY = "1,2";
				VALIDATE_PRODUCT = YES;
			};
			name = Release;
		};
		4A21D0D82895909700D429E4 /* Debug */ = {
			isa = XCBuildConfiguration;
			buildSettings = {
				ASSETCATALOG_COMPILER_APPICON_NAME = AppIcon;
				ASSETCATALOG_COMPILER_GLOBAL_ACCENT_COLOR_NAME = AccentColor;
				CODE_SIGN_ENTITLEMENTS = macOS/macOS.entitlements;
				CODE_SIGN_STYLE = Automatic;
				COMBINE_HIDPI_IMAGES = YES;
				CURRENT_PROJECT_VERSION = 1;
				DEVELOPMENT_TEAM = PM4297ZZX2;
				ENABLE_HARDENED_RUNTIME = YES;
				ENABLE_PREVIEWS = YES;
				GENERATE_INFOPLIST_FILE = YES;
				INFOPLIST_KEY_NSHumanReadableCopyright = "";
				LD_RUNPATH_SEARCH_PATHS = (
					"$(inherited)",
					"@executable_path/../Frameworks",
				);
				MACOSX_DEPLOYMENT_TARGET = 12.3;
				MARKETING_VERSION = 1.0;
				PRODUCT_BUNDLE_IDENTIFIER = cc.paisleypark.DesignCode;
				PRODUCT_NAME = PracticeDesignCode;
				SDKROOT = macosx;
				SWIFT_EMIT_LOC_STRINGS = YES;
				SWIFT_VERSION = 5.0;
			};
			name = Debug;
		};
		4A21D0D92895909700D429E4 /* Release */ = {
			isa = XCBuildConfiguration;
			buildSettings = {
				ASSETCATALOG_COMPILER_APPICON_NAME = AppIcon;
				ASSETCATALOG_COMPILER_GLOBAL_ACCENT_COLOR_NAME = AccentColor;
				CODE_SIGN_ENTITLEMENTS = macOS/macOS.entitlements;
				CODE_SIGN_STYLE = Automatic;
				COMBINE_HIDPI_IMAGES = YES;
				CURRENT_PROJECT_VERSION = 1;
				DEVELOPMENT_TEAM = PM4297ZZX2;
				ENABLE_HARDENED_RUNTIME = YES;
				ENABLE_PREVIEWS = YES;
				GENERATE_INFOPLIST_FILE = YES;
				INFOPLIST_KEY_NSHumanReadableCopyright = "";
				LD_RUNPATH_SEARCH_PATHS = (
					"$(inherited)",
					"@executable_path/../Frameworks",
				);
				MACOSX_DEPLOYMENT_TARGET = 12.3;
				MARKETING_VERSION = 1.0;
				PRODUCT_BUNDLE_IDENTIFIER = cc.paisleypark.DesignCode;
				PRODUCT_NAME = PracticeDesignCode;
				SDKROOT = macosx;
				SWIFT_EMIT_LOC_STRINGS = YES;
				SWIFT_VERSION = 5.0;
			};
			name = Release;
		};
		4A21D0DB2895909700D429E4 /* Debug */ = {
			isa = XCBuildConfiguration;
			buildSettings = {
				ALWAYS_EMBED_SWIFT_STANDARD_LIBRARIES = YES;
				CODE_SIGN_STYLE = Automatic;
				CURRENT_PROJECT_VERSION = 1;
				DEVELOPMENT_TEAM = PM4297ZZX2;
				GENERATE_INFOPLIST_FILE = YES;
				IPHONEOS_DEPLOYMENT_TARGET = 15.5;
				MARKETING_VERSION = 1.0;
				PRODUCT_BUNDLE_IDENTIFIER = "cc.paisleypark.Tests-iOS";
				PRODUCT_NAME = "$(TARGET_NAME)";
				SDKROOT = iphoneos;
				SWIFT_EMIT_LOC_STRINGS = NO;
				SWIFT_VERSION = 5.0;
				TARGETED_DEVICE_FAMILY = "1,2";
				TEST_TARGET_NAME = "PracticeDesignCode (iOS)";
			};
			name = Debug;
		};
		4A21D0DC2895909700D429E4 /* Release */ = {
			isa = XCBuildConfiguration;
			buildSettings = {
				ALWAYS_EMBED_SWIFT_STANDARD_LIBRARIES = YES;
				CODE_SIGN_STYLE = Automatic;
				CURRENT_PROJECT_VERSION = 1;
				DEVELOPMENT_TEAM = PM4297ZZX2;
				GENERATE_INFOPLIST_FILE = YES;
				IPHONEOS_DEPLOYMENT_TARGET = 15.5;
				MARKETING_VERSION = 1.0;
				PRODUCT_BUNDLE_IDENTIFIER = "cc.paisleypark.Tests-iOS";
				PRODUCT_NAME = "$(TARGET_NAME)";
				SDKROOT = iphoneos;
				SWIFT_EMIT_LOC_STRINGS = NO;
				SWIFT_VERSION = 5.0;
				TARGETED_DEVICE_FAMILY = "1,2";
				TEST_TARGET_NAME = "PracticeDesignCode (iOS)";
				VALIDATE_PRODUCT = YES;
			};
			name = Release;
		};
		4A21D0DE2895909700D429E4 /* Debug */ = {
			isa = XCBuildConfiguration;
			buildSettings = {
				ALWAYS_EMBED_SWIFT_STANDARD_LIBRARIES = YES;
				CODE_SIGN_STYLE = Automatic;
				CURRENT_PROJECT_VERSION = 1;
				DEVELOPMENT_TEAM = PM4297ZZX2;
				GENERATE_INFOPLIST_FILE = YES;
				MACOSX_DEPLOYMENT_TARGET = 12.3;
				MARKETING_VERSION = 1.0;
				PRODUCT_BUNDLE_IDENTIFIER = "cc.paisleypark.Tests-macOS";
				PRODUCT_NAME = "$(TARGET_NAME)";
				SDKROOT = macosx;
				SWIFT_EMIT_LOC_STRINGS = NO;
				SWIFT_VERSION = 5.0;
				TEST_TARGET_NAME = "PracticeDesignCode (macOS)";
			};
			name = Debug;
		};
		4A21D0DF2895909700D429E4 /* Release */ = {
			isa = XCBuildConfiguration;
			buildSettings = {
				ALWAYS_EMBED_SWIFT_STANDARD_LIBRARIES = YES;
				CODE_SIGN_STYLE = Automatic;
				CURRENT_PROJECT_VERSION = 1;
				DEVELOPMENT_TEAM = PM4297ZZX2;
				GENERATE_INFOPLIST_FILE = YES;
				MACOSX_DEPLOYMENT_TARGET = 12.3;
				MARKETING_VERSION = 1.0;
				PRODUCT_BUNDLE_IDENTIFIER = "cc.paisleypark.Tests-macOS";
				PRODUCT_NAME = "$(TARGET_NAME)";
				SDKROOT = macosx;
				SWIFT_EMIT_LOC_STRINGS = NO;
				SWIFT_VERSION = 5.0;
				TEST_TARGET_NAME = "PracticeDesignCode (macOS)";
			};
			name = Release;
		};
/* End XCBuildConfiguration section */

/* Begin XCConfigurationList section */
		4A21D0A22895909600D429E4 /* Build configuration list for PBXProject "PracticeDesignCode" */ = {
			isa = XCConfigurationList;
			buildConfigurations = (
				4A21D0D22895909700D429E4 /* Debug */,
				4A21D0D32895909700D429E4 /* Release */,
			);
			defaultConfigurationIsVisible = 0;
			defaultConfigurationName = Release;
		};
		4A21D0D42895909700D429E4 /* Build configuration list for PBXNativeTarget "PracticeDesignCode (iOS)" */ = {
			isa = XCConfigurationList;
			buildConfigurations = (
				4A21D0D52895909700D429E4 /* Debug */,
				4A21D0D62895909700D429E4 /* Release */,
			);
			defaultConfigurationIsVisible = 0;
			defaultConfigurationName = Release;
		};
		4A21D0D72895909700D429E4 /* Build configuration list for PBXNativeTarget "PracticeDesignCode (macOS)" */ = {
			isa = XCConfigurationList;
			buildConfigurations = (
				4A21D0D82895909700D429E4 /* Debug */,
				4A21D0D92895909700D429E4 /* Release */,
			);
			defaultConfigurationIsVisible = 0;
			defaultConfigurationName = Release;
		};
		4A21D0DA2895909700D429E4 /* Build configuration list for PBXNativeTarget "Tests iOS" */ = {
			isa = XCConfigurationList;
			buildConfigurations = (
				4A21D0DB2895909700D429E4 /* Debug */,
				4A21D0DC2895909700D429E4 /* Release */,
			);
			defaultConfigurationIsVisible = 0;
			defaultConfigurationName = Release;
		};
		4A21D0DD2895909700D429E4 /* Build configuration list for PBXNativeTarget "Tests macOS" */ = {
			isa = XCConfigurationList;
			buildConfigurations = (
				4A21D0DE2895909700D429E4 /* Debug */,
				4A21D0DF2895909700D429E4 /* Release */,
			);
			defaultConfigurationIsVisible = 0;
			defaultConfigurationName = Release;
		};
/* End XCConfigurationList section */

/* Begin XCRemoteSwiftPackageReference section */
		4ADB0FE7289595E6000F0FA7 /* XCRemoteSwiftPackageReference "contentful" */ = {
			isa = XCRemoteSwiftPackageReference;
			repositoryURL = "https://github.com/contentful/contentful.swift";
			requirement = {
				kind = upToNextMajorVersion;
				minimumVersion = 5.0.0;
			};
		};
		4ADB0FEA28959750000F0FA7 /* XCRemoteSwiftPackageReference "SDWebImageSwiftUI" */ = {
			isa = XCRemoteSwiftPackageReference;
			repositoryURL = "https://gitee.com/masonpaisley/SDWebImageSwiftUI.git";
			requirement = {
				kind = upToNextMajorVersion;
				minimumVersion = 2.0.0;
			};
		};
/* End XCRemoteSwiftPackageReference section */

/* Begin XCSwiftPackageProductDependency section */
		4ADB0FE8289595E6000F0FA7 /* Contentful */ = {
			isa = XCSwiftPackageProductDependency;
			package = 4ADB0FE7289595E6000F0FA7 /* XCRemoteSwiftPackageReference "contentful" */;
			productName = Contentful;
		};
		4ADB0FEB28959750000F0FA7 /* SDWebImageSwiftUI */ = {
			isa = XCSwiftPackageProductDependency;
			package = 4ADB0FEA28959750000F0FA7 /* XCRemoteSwiftPackageReference "SDWebImageSwiftUI" */;
			productName = SDWebImageSwiftUI;
		};
/* End XCSwiftPackageProductDependency section */
	};
	rootObject = 4A21D09F2895909600D429E4 /* Project object */;
}
